// !$*UTF8*$!
{
	archiveVersion = 1;
	classes = {
	};
	objectVersion = 50;
	objects = {

/* Begin PBXBuildFile section */
		62625B4820F18346005CC0BD /* TMDBConstants.swift in Sources */ = {isa = PBXBuildFile; fileRef = 62625B4720F18346005CC0BD /* TMDBConstants.swift */; };
		62625B4A20F1835E005CC0BD /* TMDBClient.swift in Sources */ = {isa = PBXBuildFile; fileRef = 62625B4920F1835E005CC0BD /* TMDBClient.swift */; };
		62625B4C20F19E08005CC0BD /* UpcomingMovies.swift in Sources */ = {isa = PBXBuildFile; fileRef = 62625B4B20F19E08005CC0BD /* UpcomingMovies.swift */; };
		628BEAFE20F171920042B7F7 /* AppDelegate.swift in Sources */ = {isa = PBXBuildFile; fileRef = 628BEAFD20F171920042B7F7 /* AppDelegate.swift */; };
		628BEB0020F171920042B7F7 /* ViewController.swift in Sources */ = {isa = PBXBuildFile; fileRef = 628BEAFF20F171920042B7F7 /* ViewController.swift */; };
		628BEB0320F171920042B7F7 /* Main.storyboard in Resources */ = {isa = PBXBuildFile; fileRef = 628BEB0120F171920042B7F7 /* Main.storyboard */; };
		628BEB0520F171930042B7F7 /* Assets.xcassets in Resources */ = {isa = PBXBuildFile; fileRef = 628BEB0420F171930042B7F7 /* Assets.xcassets */; };
		628BEB0820F171930042B7F7 /* LaunchScreen.storyboard in Resources */ = {isa = PBXBuildFile; fileRef = 628BEB0620F171930042B7F7 /* LaunchScreen.storyboard */; };
/* End PBXBuildFile section */

/* Begin PBXFileReference section */
		62625B4720F18346005CC0BD /* TMDBConstants.swift */ = {isa = PBXFileReference; lastKnownFileType = sourcecode.swift; path = TMDBConstants.swift; sourceTree = "<group>"; };
		62625B4920F1835E005CC0BD /* TMDBClient.swift */ = {isa = PBXFileReference; lastKnownFileType = sourcecode.swift; path = TMDBClient.swift; sourceTree = "<group>"; };
		62625B4B20F19E08005CC0BD /* UpcomingMovies.swift */ = {isa = PBXFileReference; lastKnownFileType = sourcecode.swift; path = UpcomingMovies.swift; sourceTree = "<group>"; };
		628BEAFA20F171920042B7F7 /* Upcoming Movies.app */ = {isa = PBXFileReference; explicitFileType = wrapper.application; includeInIndex = 0; path = "Upcoming Movies.app"; sourceTree = BUILT_PRODUCTS_DIR; };
		628BEAFD20F171920042B7F7 /* AppDelegate.swift */ = {isa = PBXFileReference; lastKnownFileType = sourcecode.swift; path = AppDelegate.swift; sourceTree = "<group>"; };
		628BEAFF20F171920042B7F7 /* ViewController.swift */ = {isa = PBXFileReference; lastKnownFileType = sourcecode.swift; path = ViewController.swift; sourceTree = "<group>"; };
		628BEB0220F171920042B7F7 /* Base */ = {isa = PBXFileReference; lastKnownFileType = file.storyboard; name = Base; path = Base.lproj/Main.storyboard; sourceTree = "<group>"; };
		628BEB0420F171930042B7F7 /* Assets.xcassets */ = {isa = PBXFileReference; lastKnownFileType = folder.assetcatalog; path = Assets.xcassets; sourceTree = "<group>"; };
		628BEB0720F171930042B7F7 /* Base */ = {isa = PBXFileReference; lastKnownFileType = file.storyboard; name = Base; path = Base.lproj/LaunchScreen.storyboard; sourceTree = "<group>"; };
		628BEB0920F171930042B7F7 /* Info.plist */ = {isa = PBXFileReference; lastKnownFileType = text.plist.xml; path = Info.plist; sourceTree = "<group>"; };
/* End PBXFileReference section */

/* Begin PBXFrameworksBuildPhase section */
		628BEAF720F171920042B7F7 /* Frameworks */ = {
			isa = PBXFrameworksBuildPhase;
			buildActionMask = 2147483647;
			files = (
			);
			runOnlyForDeploymentPostprocessing = 0;
		};
/* End PBXFrameworksBuildPhase section */

/* Begin PBXGroup section */
		62625B4220F17F6C005CC0BD /* Model */ = {
			isa = PBXGroup;
			children = (
				62625B4B20F19E08005CC0BD /* UpcomingMovies.swift */,
			);
			path = Model;
			sourceTree = "<group>";
		};
		62625B4320F17F7D005CC0BD /* View */ = {
			isa = PBXGroup;
			children = (
			);
			path = View;
			sourceTree = "<group>";
		};
		62625B4420F17F85005CC0BD /* Controller */ = {
			isa = PBXGroup;
			children = (
			);
			path = Controller;
			sourceTree = "<group>";
		};
		62625B4520F18060005CC0BD /* TMDB */ = {
			isa = PBXGroup;
			children = (
				62625B4920F1835E005CC0BD /* TMDBClient.swift */,
				62625B4720F18346005CC0BD /* TMDBConstants.swift */,
			);
			path = TMDB;
			sourceTree = "<group>";
		};
		62625B4620F18281005CC0BD /* Services */ = {
			isa = PBXGroup;
			children = (
				62625B4520F18060005CC0BD /* TMDB */,
			);
			path = Services;
			sourceTree = "<group>";
		};
		628BEAF120F171920042B7F7 = {
			isa = PBXGroup;
			children = (
				628BEAFC20F171920042B7F7 /* Upcoming Movies */,
				628BEAFB20F171920042B7F7 /* Products */,
			);
			sourceTree = "<group>";
		};
		628BEAFB20F171920042B7F7 /* Products */ = {
			isa = PBXGroup;
			children = (
				628BEAFA20F171920042B7F7 /* Upcoming Movies.app */,
			);
			name = Products;
			sourceTree = "<group>";
		};
		628BEAFC20F171920042B7F7 /* Upcoming Movies */ = {
			isa = PBXGroup;
			children = (
				62625B4220F17F6C005CC0BD /* Model */,
				62625B4320F17F7D005CC0BD /* View */,
				62625B4420F17F85005CC0BD /* Controller */,
				62625B4620F18281005CC0BD /* Services */,
				628BEAFD20F171920042B7F7 /* AppDelegate.swift */,
				628BEAFF20F171920042B7F7 /* ViewController.swift */,
				628BEB0120F171920042B7F7 /* Main.storyboard */,
				628BEB0420F171930042B7F7 /* Assets.xcassets */,
				628BEB0620F171930042B7F7 /* LaunchScreen.storyboard */,
				628BEB0920F171930042B7F7 /* Info.plist */,
			);
			path = "Upcoming Movies";
			sourceTree = "<group>";
		};
/* End PBXGroup section */

/* Begin PBXNativeTarget section */
		628BEAF920F171920042B7F7 /* Upcoming Movies */ = {
			isa = PBXNativeTarget;
			buildConfigurationList = 628BEB0C20F171930042B7F7 /* Build configuration list for PBXNativeTarget "Upcoming Movies" */;
			buildPhases = (
				628BEAF620F171920042B7F7 /* Sources */,
				628BEAF720F171920042B7F7 /* Frameworks */,
				628BEAF820F171920042B7F7 /* Resources */,
			);
			buildRules = (
			);
			dependencies = (
			);
			name = "Upcoming Movies";
			productName = "Upcoming Movies";
			productReference = 628BEAFA20F171920042B7F7 /* Upcoming Movies.app */;
			productType = "com.apple.product-type.application";
		};
/* End PBXNativeTarget section */

/* Begin PBXProject section */
		628BEAF220F171920042B7F7 /* Project object */ = {
			isa = PBXProject;
			attributes = {
				LastSwiftUpdateCheck = 0940;
				LastUpgradeCheck = 0940;
				ORGANIZATIONNAME = Betocorporation;
				TargetAttributes = {
					628BEAF920F171920042B7F7 = {
						CreatedOnToolsVersion = 9.4.1;
					};
				};
			};
			buildConfigurationList = 628BEAF520F171920042B7F7 /* Build configuration list for PBXProject "Upcoming Movies" */;
			compatibilityVersion = "Xcode 9.3";
			developmentRegion = en;
			hasScannedForEncodings = 0;
			knownRegions = (
				en,
				Base,
			);
			mainGroup = 628BEAF120F171920042B7F7;
			productRefGroup = 628BEAFB20F171920042B7F7 /* Products */;
			projectDirPath = "";
			projectRoot = "";
			targets = (
				628BEAF920F171920042B7F7 /* Upcoming Movies */,
			);
		};
/* End PBXProject section */

/* Begin PBXResourcesBuildPhase section */
		628BEAF820F171920042B7F7 /* Resources */ = {
			isa = PBXResourcesBuildPhase;
			buildActionMask = 2147483647;
			files = (
				628BEB0820F171930042B7F7 /* LaunchScreen.storyboard in Resources */,
				628BEB0520F171930042B7F7 /* Assets.xcassets in Resources */,
				628BEB0320F171920042B7F7 /* Main.storyboard in Resources */,
			);
			runOnlyForDeploymentPostprocessing = 0;
		};
/* End PBXResourcesBuildPhase section */

/* Begin PBXSourcesBuildPhase section */
		628BEAF620F171920042B7F7 /* Sources */ = {
			isa = PBXSourcesBuildPhase;
			buildActionMask = 2147483647;
			files = (
				62625B4820F18346005CC0BD /* TMDBConstants.swift in Sources */,
				62625B4C20F19E08005CC0BD /* UpcomingMovies.swift in Sources */,
				62625B4A20F1835E005CC0BD /* TMDBClient.swift in Sources */,
				628BEB0020F171920042B7F7 /* ViewController.swift in Sources */,
				628BEAFE20F171920042B7F7 /* AppDelegate.swift in Sources */,
			);
			runOnlyForDeploymentPostprocessing = 0;
		};
/* End PBXSourcesBuildPhase section */

/* Begin PBXVariantGroup section */
		628BEB0120F171920042B7F7 /* Main.storyboard */ = {
			isa = PBXVariantGroup;
			children = (
				628BEB0220F171920042B7F7 /* Base */,
			);
			name = Main.storyboard;
			sourceTree = "<group>";
		};
		628BEB0620F171930042B7F7 /* LaunchScreen.storyboard */ = {
			isa = PBXVariantGroup;
			children = (
				628BEB0720F171930042B7F7 /* Base */,
			);
			name = LaunchScreen.storyboard;
			sourceTree = "<group>";
		};
/* End PBXVariantGroup section */

/* Begin XCBuildConfiguration section */
		628BEB0A20F171930042B7F7 /* Debug */ = {
			isa = XCBuildConfiguration;
			buildSettings = {
				ALWAYS_SEARCH_USER_PATHS = NO;
				CLANG_ANALYZER_NONNULL = YES;
				CLANG_ANALYZER_NUMBER_OBJECT_CONVERSION = YES_AGGRESSIVE;
				CLANG_CXX_LANGUAGE_STANDARD = "gnu++14";
				CLANG_CXX_LIBRARY = "libc++";
				CLANG_ENABLE_MODULES = YES;
				CLANG_ENABLE_OBJC_ARC = YES;
				CLANG_ENABLE_OBJC_WEAK = YES;
				CLANG_WARN_BLOCK_CAPTURE_AUTORELEASING = YES;
				CLANG_WARN_BOOL_CONVERSION = YES;
				CLANG_WARN_COMMA = YES;
				CLANG_WARN_CONSTANT_CONVERSION = YES;
				CLANG_WARN_DEPRECATED_OBJC_IMPLEMENTATIONS = YES;
				CLANG_WARN_DIRECT_OBJC_ISA_USAGE = YES_ERROR;
				CLANG_WARN_DOCUMENTATION_COMMENTS = YES;
				CLANG_WARN_EMPTY_BODY = YES;
				CLANG_WARN_ENUM_CONVERSION = YES;
				CLANG_WARN_INFINITE_RECURSION = YES;
				CLANG_WARN_INT_CONVERSION = YES;
				CLANG_WARN_NON_LITERAL_NULL_CONVERSION = YES;
				CLANG_WARN_OBJC_IMPLICIT_RETAIN_SELF = YES;
				CLANG_WARN_OBJC_LITERAL_CONVERSION = YES;
				CLANG_WARN_OBJC_ROOT_CLASS = YES_ERROR;
				CLANG_WARN_RANGE_LOOP_ANALYSIS = YES;
				CLANG_WARN_STRICT_PROTOTYPES = YES;
				CLANG_WARN_SUSPICIOUS_MOVE = YES;
				CLANG_WARN_UNGUARDED_AVAILABILITY = YES_AGGRESSIVE;
				CLANG_WARN_UNREACHABLE_CODE = YES;
				CLANG_WARN__DUPLICATE_METHOD_MATCH = YES;
				CODE_SIGN_IDENTITY = "iPhone Developer";
				COPY_PHASE_STRIP = NO;
				DEBUG_INFORMATION_FORMAT = dwarf;
				ENABLE_STRICT_OBJC_MSGSEND = YES;
				ENABLE_TESTABILITY = YES;
				GCC_C_LANGUAGE_STANDARD = gnu11;
				GCC_DYNAMIC_NO_PIC = NO;
				GCC_NO_COMMON_BLOCKS = YES;
				GCC_OPTIMIZATION_LEVEL = 0;
				GCC_PREPROCESSOR_DEFINITIONS = (
					"DEBUG=1",
					"$(inherited)",
				);
				GCC_WARN_64_TO_32_BIT_CONVERSION = YES;
				GCC_WARN_ABOUT_RETURN_TYPE = YES_ERROR;
				GCC_WARN_UNDECLARED_SELECTOR = YES;
				GCC_WARN_UNINITIALIZED_AUTOS = YES_AGGRESSIVE;
				GCC_WARN_UNUSED_FUNCTION = YES;
				GCC_WARN_UNUSED_VARIABLE = YES;
				IPHONEOS_DEPLOYMENT_TARGET = 11.4;
				MTL_ENABLE_DEBUG_INFO = YES;
				ONLY_ACTIVE_ARCH = YES;
				SDKROOT = iphoneos;
				SWIFT_ACTIVE_COMPILATION_CONDITIONS = DEBUG;
				SWIFT_OPTIMIZATION_LEVEL = "-Onone";
			};
			name = Debug;
		};
		628BEB0B20F171930042B7F7 /* Release */ = {
			isa = XCBuildConfiguration;
			buildSettings = {
				ALWAYS_SEARCH_USER_PATHS = NO;
				CLANG_ANALYZER_NONNULL = YES;
				CLANG_ANALYZER_NUMBER_OBJECT_CONVERSION = YES_AGGRESSIVE;
				CLANG_CXX_LANGUAGE_STANDARD = "gnu++14";
				CLANG_CXX_LIBRARY = "libc++";
				CLANG_ENABLE_MODULES = YES;
				CLANG_ENABLE_OBJC_ARC = YES;
				CLANG_ENABLE_OBJC_WEAK = YES;
				CLANG_WARN_BLOCK_CAPTURE_AUTORELEASING = YES;
				CLANG_WARN_BOOL_CONVERSION = YES;
				CLANG_WARN_COMMA = YES;
				CLANG_WARN_CONSTANT_CONVERSION = YES;
				CLANG_WARN_DEPRECATED_OBJC_IMPLEMENTATIONS = YES;
				CLANG_WARN_DIRECT_OBJC_ISA_USAGE = YES_ERROR;
				CLANG_WARN_DOCUMENTATION_COMMENTS = YES;
				CLANG_WARN_EMPTY_BODY = YES;
				CLANG_WARN_ENUM_CONVERSION = YES;
				CLANG_WARN_INFINITE_RECURSION = YES;
				CLANG_WARN_INT_CONVERSION = YES;
				CLANG_WARN_NON_LITERAL_NULL_CONVERSION = YES;
				CLANG_WARN_OBJC_IMPLICIT_RETAIN_SELF = YES;
				CLANG_WARN_OBJC_LITERAL_CONVERSION = YES;
				CLANG_WARN_OBJC_ROOT_CLASS = YES_ERROR;
				CLANG_WARN_RANGE_LOOP_ANALYSIS = YES;
				CLANG_WARN_STRICT_PROTOTYPES = YES;
				CLANG_WARN_SUSPICIOUS_MOVE = YES;
				CLANG_WARN_UNGUARDED_AVAILABILITY = YES_AGGRESSIVE;
				CLANG_WARN_UNREACHABLE_CODE = YES;
				CLANG_WARN__DUPLICATE_METHOD_MATCH = YES;
				CODE_SIGN_IDENTITY = "iPhone Developer";
				COPY_PHASE_STRIP = NO;
				DEBUG_INFORMATION_FORMAT = "dwarf-with-dsym";
				ENABLE_NS_ASSERTIONS = NO;
				ENABLE_STRICT_OBJC_MSGSEND = YES;
				GCC_C_LANGUAGE_STANDARD = gnu11;
				GCC_NO_COMMON_BLOCKS = YES;
				GCC_WARN_64_TO_32_BIT_CONVERSION = YES;
				GCC_WARN_ABOUT_RETURN_TYPE = YES_ERROR;
				GCC_WARN_UNDECLARED_SELECTOR = YES;
				GCC_WARN_UNINITIALIZED_AUTOS = YES_AGGRESSIVE;
				GCC_WARN_UNUSED_FUNCTION = YES;
				GCC_WARN_UNUSED_VARIABLE = YES;
				IPHONEOS_DEPLOYMENT_TARGET = 11.4;
				MTL_ENABLE_DEBUG_INFO = NO;
				SDKROOT = iphoneos;
				SWIFT_COMPILATION_MODE = wholemodule;
				SWIFT_OPTIMIZATION_LEVEL = "-O";
				VALIDATE_PRODUCT = YES;
			};
			name = Release;
		};
		628BEB0D20F171930042B7F7 /* Debug */ = {
			isa = XCBuildConfiguration;
			buildSettings = {
				ASSETCATALOG_COMPILER_APPICON_NAME = AppIcon;
				CODE_SIGN_STYLE = Automatic;
				DEVELOPMENT_TEAM = CRVTY582ZT;
				INFOPLIST_FILE = "Upcoming Movies/Info.plist";
				LD_RUNPATH_SEARCH_PATHS = (
					"$(inherited)",
					"@executable_path/Frameworks",
				);
				PRODUCT_BUNDLE_IDENTIFIER = "com.betocorporation.Upcoming-Movies";
				PRODUCT_NAME = "$(TARGET_NAME)";
				SWIFT_VERSION = 4.0;
				TARGETED_DEVICE_FAMILY = "1,2";
			};
			name = Debug;
		};
		628BEB0E20F171930042B7F7 /* Release */ = {
			isa = XCBuildConfiguration;
			buildSettings = {
				ASSETCATALOG_COMPILER_APPICON_NAME = AppIcon;
				CODE_SIGN_STYLE = Automatic;
				DEVELOPMENT_TEAM = CRVTY582ZT;
				INFOPLIST_FILE = "Upcoming Movies/Info.plist";
				LD_RUNPATH_SEARCH_PATHS = (
					"$(inherited)",
					"@executable_path/Frameworks",
				);
				PRODUCT_BUNDLE_IDENTIFIER = "com.betocorporation.Upcoming-Movies";
				PRODUCT_NAME = "$(TARGET_NAME)";
				SWIFT_VERSION = 4.0;
				TARGETED_DEVICE_FAMILY = "1,2";
			};
			name = Release;
		};
/* End XCBuildConfiguration section */

/* Begin XCConfigurationList section */
		628BEAF520F171920042B7F7 /* Build configuration list for PBXProject "Upcoming Movies" */ = {
			isa = XCConfigurationList;
			buildConfigurations = (
				628BEB0A20F171930042B7F7 /* Debug */,
				628BEB0B20F171930042B7F7 /* Release */,
			);
			defaultConfigurationIsVisible = 0;
			defaultConfigurationName = Release;
		};
		628BEB0C20F171930042B7F7 /* Build configuration list for PBXNativeTarget "Upcoming Movies" */ = {
			isa = XCConfigurationList;
			buildConfigurations = (
				628BEB0D20F171930042B7F7 /* Debug */,
				628BEB0E20F171930042B7F7 /* Release */,
			);
			defaultConfigurationIsVisible = 0;
			defaultConfigurationName = Release;
		};
/* End XCConfigurationList section */
	};
	rootObject = 628BEAF220F171920042B7F7 /* Project object */;
}
